# This file was autogenerated by Stack.
# You should not edit this file by hand.
# For more information, please see the documentation at:
#   https://docs.haskellstack.org/en/stable/lock_files

packages:
- completed:
    hackage: ghc-lib-parser-8.10.1.20200412@sha256:b0517bb150a02957d7180f131f5b94abd2a7f58a7d1532a012e71618282339c2,8751
    pantry-tree:
      size: 19497
      sha256: b11275740480138dd1fce4a22a2aa8835cddfecaa8da58a153f130b4575f9df5
  original:
    hackage: ghc-lib-parser-8.10.1.20200412@sha256:b0517bb150a02957d7180f131f5b94abd2a7f58a7d1532a012e71618282339c2,8751
snapshots:
- completed:
    size: 523878
    url: https://raw.githubusercontent.com/commercialhaskell/stackage-snapshots/master/lts/14/3.yaml
    sha256: 470c46c27746a48c7c50f829efc0cf00112787a7804ee4ac7a27754658f6d92c
  original: lts-14.3
